
Microsoft Visual Studio Solution File, Format Version 12.00
# Visual Studio Version 16
VisualStudioVersion = 16.0.30907.101
MinimumVisualStudioVersion = 10.0.40219.1
Project("{FAE04EC0-301F-11D3-BF4B-00C04F79EFBC}") = "EventsPlus", "EventsPlus.csproj", "{3FBE0225-9EB1-4CB7-BE11-123783DFE720}"
EndProject
Global
	GlobalSection(SolutionConfigurationPlatforms) = preSolution
		Debug|Any CPU = Debug|Any CPU
		Release|Any CPU = Release|Any CPU
	EndGlobalSection
	GlobalSection(ProjectConfigurationPlatforms) = postSolution
		{3FBE0225-9EB1-4CB7-BE11-123783DFE720}.Debug|Any CPU.ActiveCfg = Debug|Any CPU
		{3FBE0225-9EB1-4CB7-BE11-123783DFE720}.Debug|Any CPU.Build.0 = Debug|Any CPU
		{3FBE0225-9EB1-4CB7-BE11-123783DFE720}.Release|Any CPU.ActiveCfg = Release|Any CPU
		{3FBE0225-9EB1-4CB7-BE11-123783DFE720}.Release|Any CPU.Build.0 = Release|Any CPU
	EndGlobalSection
	GlobalSection(SolutionProperties) = preSolution
		HideSolutionNode = FALSE
	EndGlobalSection
	GlobalSection(ExtensibilityGlobals) = postSolution
		SolutionGuid = {96B82A87-615D-434F-82BB-7554629CD5FC}
	EndGlobalSection
EndGlobal
